
Microsoft Visual Studio Solution File, Format Version 12.00
# Visual Studio Version 17
VisualStudioVersion = 17.3.32901.215
MinimumVisualStudioVersion = 10.0.40219.1
Project("{FAE04EC0-301F-11D3-BF4B-00C04F79EFBC}") = "JFA.Telegram", "JFA.Telegram\JFA.Telegram.csproj", "{83A3772F-B9A5-40C3-872D-A93C8CBF4752}"
EndProject
Global
	GlobalSection(SolutionConfigurationPlatforms) = preSolution
		Debug|Any CPU = Debug|Any CPU
		Release|Any CPU = Release|Any CPU
	EndGlobalSection
	GlobalSection(ProjectConfigurationPlatforms) = postSolution
		{83A3772F-B9A5-40C3-872D-A93C8CBF4752}.Debug|Any CPU.ActiveCfg = Debug|Any CPU
		{83A3772F-B9A5-40C3-872D-A93C8CBF4752}.Debug|Any CPU.Build.0 = Debug|Any CPU
		{83A3772F-B9A5-40C3-872D-A93C8CBF4752}.Release|Any CPU.ActiveCfg = Release|Any CPU
		{83A3772F-B9A5-40C3-872D-A93C8CBF4752}.Release|Any CPU.Build.0 = Release|Any CPU
	EndGlobalSection
	GlobalSection(SolutionProperties) = preSolution
		HideSolutionNode = FALSE
	EndGlobalSection
	GlobalSection(ExtensibilityGlobals) = postSolution
		SolutionGuid = {1B8FBB56-3F02-4336-BD6B-E7C83B1C7FC1}
	EndGlobalSection
EndGlobal
